# This file is automatically @generated by Cargo.
# It is not intended for manual editing.
version = 4

[[package]]
name = "claims"
version = "0.8.0"
source = "registry+https://github.com/rust-lang/crates.io-index"
checksum = "bba18ee93d577a8428902687bcc2b6b45a56b1981a1f6d779731c86cc4c5db18"

[[package]]
name = "day_3"
version = "0.1.0"
dependencies = [
 "claims",
]
